
Microsoft Visual Studio Solution File, Format Version 12.00
# Visual Studio Version 16
VisualStudioVersion = 16.0.30011.22
MinimumVisualStudioVersion = 10.0.40219.1
Project("{FAE04EC0-301F-11D3-BF4B-00C04F79EFBC}") = "rashad", "rashad\rashad.csproj", "{FE6B8F29-4C18-48A1-B094-056E4E095118}"
EndProject
Global
	GlobalSection(SolutionConfigurationPlatforms) = preSolution
		CD_ROM|Any CPU = CD_ROM|Any CPU
		Debug|Any CPU = Debug|Any CPU
		DefaultBuild|Any CPU = DefaultBuild|Any CPU
		DVD-5|Any CPU = DVD-5|Any CPU
		Release|Any CPU = Release|Any CPU
		SingleImage|Any CPU = SingleImage|Any CPU
	EndGlobalSection
	GlobalSection(ProjectConfigurationPlatforms) = postSolution
		{FE6B8F29-4C18-48A1-B094-056E4E095118}.CD_ROM|Any CPU.ActiveCfg = Release|Any CPU
		{FE6B8F29-4C18-48A1-B094-056E4E095118}.CD_ROM|Any CPU.Build.0 = Release|Any CPU
		{FE6B8F29-4C18-48A1-B094-056E4E095118}.Debug|Any CPU.ActiveCfg = Debug|Any CPU
		{FE6B8F29-4C18-48A1-B094-056E4E095118}.Debug|Any CPU.Build.0 = Debug|Any CPU
		{FE6B8F29-4C18-48A1-B094-056E4E095118}.DefaultBuild|Any CPU.ActiveCfg = Debug|Any CPU
		{FE6B8F29-4C18-48A1-B094-056E4E095118}.DefaultBuild|Any CPU.Build.0 = Debug|Any CPU
		{FE6B8F29-4C18-48A1-B094-056E4E095118}.DVD-5|Any CPU.ActiveCfg = Debug|Any CPU
		{FE6B8F29-4C18-48A1-B094-056E4E095118}.DVD-5|Any CPU.Build.0 = Debug|Any CPU
		{FE6B8F29-4C18-48A1-B094-056E4E095118}.Release|Any CPU.ActiveCfg = Release|Any CPU
		{FE6B8F29-4C18-48A1-B094-056E4E095118}.Release|Any CPU.Build.0 = Release|Any CPU
		{FE6B8F29-4C18-48A1-B094-056E4E095118}.SingleImage|Any CPU.ActiveCfg = Release|Any CPU
		{FE6B8F29-4C18-48A1-B094-056E4E095118}.SingleImage|Any CPU.Build.0 = Release|Any CPU
	EndGlobalSection
	GlobalSection(SolutionProperties) = preSolution
		HideSolutionNode = FALSE
	EndGlobalSection
	GlobalSection(ExtensibilityGlobals) = postSolution
		SolutionGuid = {7FFA7EBD-81C8-47B9-8651-AC0EC3CA08C7}
	EndGlobalSection
EndGlobal
